
Microsoft Visual Studio Solution File, Format Version 12.00
# Visual Studio Version 16
VisualStudioVersion = 16.0.29519.87
MinimumVisualStudioVersion = 10.0.40219.1
Project("{FAE04EC0-301F-11D3-BF4B-00C04F79EFBC}") = "AppBuscaCEP2.UWP", "AppBuscaCEP2\AppBuscaCEP2.UWP\AppBuscaCEP2.UWP.csproj", "{BD5B63A6-422B-4604-8546-805E5E9AFD6A}"
EndProject
Project("{FAE04EC0-301F-11D3-BF4B-00C04F79EFBC}") = "AppBuscaCEP2.Android", "AppBuscaCEP2\AppBuscaCEP2.Android\AppBuscaCEP2.Android.csproj", "{B5975940-9A72-4DA7-97AD-F66E05267321}"
EndProject
Project("{FAE04EC0-301F-11D3-BF4B-00C04F79EFBC}") = "AppBuscaCEP2.iOS", "AppBuscaCEP2\AppBuscaCEP2.iOS\AppBuscaCEP2.iOS.csproj", "{801C8EA6-8982-4310-A829-93AD70A1F34E}"
EndProject
Project("{FAE04EC0-301F-11D3-BF4B-00C04F79EFBC}") = "AppBuscaCEP2", "AppBuscaCEP2\AppBuscaCEP2\AppBuscaCEP2.csproj", "{62D838E7-12A1-4FD8-B1CE-A19B6D572629}"
EndProject
Global
	GlobalSection(SolutionConfigurationPlatforms) = preSolution
		Debug|Any CPU = Debug|Any CPU
		Debug|ARM = Debug|ARM
		Debug|iPhone = Debug|iPhone
		Debug|iPhoneSimulator = Debug|iPhoneSimulator
		Debug|x64 = Debug|x64
		Debug|x86 = Debug|x86
		Release|Any CPU = Release|Any CPU
		Release|ARM = Release|ARM
		Release|iPhone = Release|iPhone
		Release|iPhoneSimulator = Release|iPhoneSimulator
		Release|x64 = Release|x64
		Release|x86 = Release|x86
	EndGlobalSection
	GlobalSection(ProjectConfigurationPlatforms) = postSolution
		{BD5B63A6-422B-4604-8546-805E5E9AFD6A}.Debug|Any CPU.ActiveCfg = Debug|x86
		{BD5B63A6-422B-4604-8546-805E5E9AFD6A}.Debug|Any CPU.Build.0 = Debug|x86
		{BD5B63A6-422B-4604-8546-805E5E9AFD6A}.Debug|Any CPU.Deploy.0 = Debug|x86
		{BD5B63A6-422B-4604-8546-805E5E9AFD6A}.Debug|ARM.ActiveCfg = Debug|ARM
		{BD5B63A6-422B-4604-8546-805E5E9AFD6A}.Debug|ARM.Build.0 = Debug|ARM
		{BD5B63A6-422B-4604-8546-805E5E9AFD6A}.Debug|ARM.Deploy.0 = Debug|ARM
		{BD5B63A6-422B-4604-8546-805E5E9AFD6A}.Debug|iPhone.ActiveCfg = Debug|x86
		{BD5B63A6-422B-4604-8546-805E5E9AFD6A}.Debug|iPhone.Build.0 = Debug|x86
		{BD5B63A6-422B-4604-8546-805E5E9AFD6A}.Debug|iPhone.Deploy.0 = Debug|x86
		{BD5B63A6-422B-4604-8546-805E5E9AFD6A}.Debug|iPhoneSimulator.ActiveCfg = Debug|x86
		{BD5B63A6-422B-4604-8546-805E5E9AFD6A}.Debug|iPhoneSimulator.Build.0 = Debug|x86
		{BD5B63A6-422B-4604-8546-805E5E9AFD6A}.Debug|iPhoneSimulator.Deploy.0 = Debug|x86
		{BD5B63A6-422B-4604-8546-805E5E9AFD6A}.Debug|x64.ActiveCfg = Debug|x64
		{BD5B63A6-422B-4604-8546-805E5E9AFD6A}.Debug|x64.Build.0 = Debug|x64
		{BD5B63A6-422B-4604-8546-805E5E9AFD6A}.Debug|x64.Deploy.0 = Debug|x64
		{BD5B63A6-422B-4604-8546-805E5E9AFD6A}.Debug|x86.ActiveCfg = Debug|x86
		{BD5B63A6-422B-4604-8546-805E5E9AFD6A}.Debug|x86.Build.0 = Debug|x86
		{BD5B63A6-422B-4604-8546-805E5E9AFD6A}.Debug|x86.Deploy.0 = Debug|x86
		{BD5B63A6-422B-4604-8546-805E5E9AFD6A}.Release|Any CPU.ActiveCfg = Release|x86
		{BD5B63A6-422B-4604-8546-805E5E9AFD6A}.Release|Any CPU.Build.0 = Release|x86
		{BD5B63A6-422B-4604-8546-805E5E9AFD6A}.Release|Any CPU.Deploy.0 = Release|x86
		{BD5B63A6-422B-4604-8546-805E5E9AFD6A}.Release|ARM.ActiveCfg = Release|ARM
		{BD5B63A6-422B-4604-8546-805E5E9AFD6A}.Release|ARM.Build.0 = Release|ARM
		{BD5B63A6-422B-4604-8546-805E5E9AFD6A}.Release|ARM.Deploy.0 = Release|ARM
		{BD5B63A6-422B-4604-8546-805E5E9AFD6A}.Release|iPhone.ActiveCfg = Release|x86
		{BD5B63A6-422B-4604-8546-805E5E9AFD6A}.Release|iPhone.Build.0 = Release|x86
		{BD5B63A6-422B-4604-8546-805E5E9AFD6A}.Release|iPhone.Deploy.0 = Release|x86
		{BD5B63A6-422B-4604-8546-805E5E9AFD6A}.Release|iPhoneSimulator.ActiveCfg = Release|x86
		{BD5B63A6-422B-4604-8546-805E5E9AFD6A}.Release|iPhoneSimulator.Build.0 = Release|x86
		{BD5B63A6-422B-4604-8546-805E5E9AFD6A}.Release|iPhoneSimulator.Deploy.0 = Release|x86
		{BD5B63A6-422B-4604-8546-805E5E9AFD6A}.Release|x64.ActiveCfg = Release|x64
		{BD5B63A6-422B-4604-8546-805E5E9AFD6A}.Release|x64.Build.0 = Release|x64
		{BD5B63A6-422B-4604-8546-805E5E9AFD6A}.Release|x64.Deploy.0 = Release|x64
		{BD5B63A6-422B-4604-8546-805E5E9AFD6A}.Release|x86.ActiveCfg = Release|x86
		{BD5B63A6-422B-4604-8546-805E5E9AFD6A}.Release|x86.Build.0 = Release|x86
		{BD5B63A6-422B-4604-8546-805E5E9AFD6A}.Release|x86.Deploy.0 = Release|x86
		{B5975940-9A72-4DA7-97AD-F66E05267321}.Debug|Any CPU.ActiveCfg = Debug|Any CPU
		{B5975940-9A72-4DA7-97AD-F66E05267321}.Debug|Any CPU.Build.0 = Debug|Any CPU
		{B5975940-9A72-4DA7-97AD-F66E05267321}.Debug|Any CPU.Deploy.0 = Debug|Any CPU
		{B5975940-9A72-4DA7-97AD-F66E05267321}.Debug|ARM.ActiveCfg = Debug|Any CPU
		{B5975940-9A72-4DA7-97AD-F66E05267321}.Debug|ARM.Build.0 = Debug|Any CPU
		{B5975940-9A72-4DA7-97AD-F66E05267321}.Debug|ARM.Deploy.0 = Debug|Any CPU
		{B5975940-9A72-4DA7-97AD-F66E05267321}.Debug|iPhone.ActiveCfg = Debug|Any CPU
		{B5975940-9A72-4DA7-97AD-F66E05267321}.Debug|iPhone.Build.0 = Debug|Any CPU
		{B5975940-9A72-4DA7-97AD-F66E05267321}.Debug|iPhone.Deploy.0 = Debug|Any CPU
		{B5975940-9A72-4DA7-97AD-F66E05267321}.Debug|iPhoneSimulator.ActiveCfg = Debug|Any CPU
		{B5975940-9A72-4DA7-97AD-F66E05267321}.Debug|iPhoneSimulator.Build.0 = Debug|Any CPU
		{B5975940-9A72-4DA7-97AD-F66E05267321}.Debug|iPhoneSimulator.Deploy.0 = Debug|Any CPU
		{B5975940-9A72-4DA7-97AD-F66E05267321}.Debug|x64.ActiveCfg = Debug|Any CPU
		{B5975940-9A72-4DA7-97AD-F66E05267321}.Debug|x64.Build.0 = Debug|Any CPU
		{B5975940-9A72-4DA7-97AD-F66E05267321}.Debug|x64.Deploy.0 = Debug|Any CPU
		{B5975940-9A72-4DA7-97AD-F66E05267321}.Debug|x86.ActiveCfg = Debug|Any CPU
		{B5975940-9A72-4DA7-97AD-F66E05267321}.Debug|x86.Build.0 = Debug|Any CPU
		{B5975940-9A72-4DA7-97AD-F66E05267321}.Debug|x86.Deploy.0 = Debug|Any CPU
		{B5975940-9A72-4DA7-97AD-F66E05267321}.Release|Any CPU.ActiveCfg = Release|Any CPU
		{B5975940-9A72-4DA7-97AD-F66E05267321}.Release|Any CPU.Build.0 = Release|Any CPU
		{B5975940-9A72-4DA7-97AD-F66E05267321}.Release|Any CPU.Deploy.0 = Release|Any CPU
		{B5975940-9A72-4DA7-97AD-F66E05267321}.Release|ARM.ActiveCfg = Release|Any CPU
		{B5975940-9A72-4DA7-97AD-F66E05267321}.Release|ARM.Build.0 = Release|Any CPU
		{B5975940-9A72-4DA7-97AD-F66E05267321}.Release|ARM.Deploy.0 = Release|Any CPU
		{B5975940-9A72-4DA7-97AD-F66E05267321}.Release|iPhone.ActiveCfg = Release|Any CPU
		{B5975940-9A72-4DA7-97AD-F66E05267321}.Release|iPhone.Build.0 = Release|Any CPU
		{B5975940-9A72-4DA7-97AD-F66E05267321}.Release|iPhone.Deploy.0 = Release|Any CPU
		{B5975940-9A72-4DA7-97AD-F66E05267321}.Release|iPhoneSimulator.ActiveCfg = Release|Any CPU
		{B5975940-9A72-4DA7-97AD-F66E05267321}.Release|iPhoneSimulator.Build.0 = Release|Any CPU
		{B5975940-9A72-4DA7-97AD-F66E05267321}.Release|iPhoneSimulator.Deploy.0 = Release|Any CPU
		{B5975940-9A72-4DA7-97AD-F66E05267321}.Release|x64.ActiveCfg = Release|Any CPU
		{B5975940-9A72-4DA7-97AD-F66E05267321}.Release|x64.Build.0 = Release|Any CPU
		{B5975940-9A72-4DA7-97AD-F66E05267321}.Release|x64.Deploy.0 = Release|Any CPU
		{B5975940-9A72-4DA7-97AD-F66E05267321}.Release|x86.ActiveCfg = Release|Any CPU
		{B5975940-9A72-4DA7-97AD-F66E05267321}.Release|x86.Build.0 = Release|Any CPU
		{B5975940-9A72-4DA7-97AD-F66E05267321}.Release|x86.Deploy.0 = Release|Any CPU
		{801C8EA6-8982-4310-A829-93AD70A1F34E}.Debug|Any CPU.ActiveCfg = Debug|iPhone
		{801C8EA6-8982-4310-A829-93AD70A1F34E}.Debug|Any CPU.Build.0 = Debug|iPhone
		{801C8EA6-8982-4310-A829-93AD70A1F34E}.Debug|Any CPU.Deploy.0 = Debug|iPhone
		{801C8EA6-8982-4310-A829-93AD70A1F34E}.Debug|ARM.ActiveCfg = Debug|iPhoneSimulator
		{801C8EA6-8982-4310-A829-93AD70A1F34E}.Debug|ARM.Build.0 = Debug|iPhoneSimulator
		{801C8EA6-8982-4310-A829-93AD70A1F34E}.Debug|ARM.Deploy.0 = Debug|iPhoneSimulator
		{801C8EA6-8982-4310-A829-93AD70A1F34E}.Debug|iPhone.ActiveCfg = Debug|iPhone
		{801C8EA6-8982-4310-A829-93AD70A1F34E}.Debug|iPhone.Build.0 = Debug|iPhone
		{801C8EA6-8982-4310-A829-93AD70A1F34E}.Debug|iPhone.Deploy.0 = Debug|iPhone
		{801C8EA6-8982-4310-A829-93AD70A1F34E}.Debug|iPhoneSimulator.ActiveCfg = Debug|iPhoneSimulator
		{801C8EA6-8982-4310-A829-93AD70A1F34E}.Debug|iPhoneSimulator.Build.0 = Debug|iPhoneSimulator
		{801C8EA6-8982-4310-A829-93AD70A1F34E}.Debug|iPhoneSimulator.Deploy.0 = Debug|iPhoneSimulator
		{801C8EA6-8982-4310-A829-93AD70A1F34E}.Debug|x64.ActiveCfg = Debug|iPhone
		{801C8EA6-8982-4310-A829-93AD70A1F34E}.Debug|x64.Build.0 = Debug|iPhone
		{801C8EA6-8982-4310-A829-93AD70A1F34E}.Debug|x64.Deploy.0 = Debug|iPhone
		{801C8EA6-8982-4310-A829-93AD70A1F34E}.Debug|x86.ActiveCfg = Debug|iPhone
		{801C8EA6-8982-4310-A829-93AD70A1F34E}.Debug|x86.Build.0 = Debug|iPhone
		{801C8EA6-8982-4310-A829-93AD70A1F34E}.Debug|x86.Deploy.0 = Debug|iPhone
		{801C8EA6-8982-4310-A829-93AD70A1F34E}.Release|Any CPU.ActiveCfg = Release|iPhone
		{801C8EA6-8982-4310-A829-93AD70A1F34E}.Release|Any CPU.Build.0 = Release|iPhone
		{801C8EA6-8982-4310-A829-93AD70A1F34E}.Release|Any CPU.Deploy.0 = Release|iPhone
		{801C8EA6-8982-4310-A829-93AD70A1F34E}.Release|ARM.ActiveCfg = Release|iPhone
		{801C8EA6-8982-4310-A829-93AD70A1F34E}.Release|ARM.Build.0 = Release|iPhone
		{801C8EA6-8982-4310-A829-93AD70A1F34E}.Release|ARM.Deploy.0 = Release|iPhone
		{801C8EA6-8982-4310-A829-93AD70A1F34E}.Release|iPhone.ActiveCfg = Release|iPhone
		{801C8EA6-8982-4310-A829-93AD70A1F34E}.Release|iPhone.Build.0 = Release|iPhone
		{801C8EA6-8982-4310-A829-93AD70A1F34E}.Release|iPhone.Deploy.0 = Release|iPhone
		{801C8EA6-8982-4310-A829-93AD70A1F34E}.Release|iPhoneSimulator.ActiveCfg = Release|iPhoneSimulator
		{801C8EA6-8982-4310-A829-93AD70A1F34E}.Release|iPhoneSimulator.Build.0 = Release|iPhoneSimulator
		{801C8EA6-8982-4310-A829-93AD70A1F34E}.Release|iPhoneSimulator.Deploy.0 = Release|iPhoneSimulator
		{801C8EA6-8982-4310-A829-93AD70A1F34E}.Release|x64.ActiveCfg = Release|iPhone
		{801C8EA6-8982-4310-A829-93AD70A1F34E}.Release|x64.Build.0 = Release|iPhone
		{801C8EA6-8982-4310-A829-93AD70A1F34E}.Release|x64.Deploy.0 = Release|iPhone
		{801C8EA6-8982-4310-A829-93AD70A1F34E}.Release|x86.ActiveCfg = Release|iPhone
		{801C8EA6-8982-4310-A829-93AD70A1F34E}.Release|x86.Build.0 = Release|iPhone
		{801C8EA6-8982-4310-A829-93AD70A1F34E}.Release|x86.Deploy.0 = Release|iPhone
		{62D838E7-12A1-4FD8-B1CE-A19B6D572629}.Debug|Any CPU.ActiveCfg = Debug|Any CPU
		{62D838E7-12A1-4FD8-B1CE-A19B6D572629}.Debug|Any CPU.Build.0 = Debug|Any CPU
		{62D838E7-12A1-4FD8-B1CE-A19B6D572629}.Debug|Any CPU.Deploy.0 = Debug|Any CPU
		{62D838E7-12A1-4FD8-B1CE-A19B6D572629}.Debug|ARM.ActiveCfg = Debug|Any CPU
		{62D838E7-12A1-4FD8-B1CE-A19B6D572629}.Debug|ARM.Build.0 = Debug|Any CPU
		{62D838E7-12A1-4FD8-B1CE-A19B6D572629}.Debug|ARM.Deploy.0 = Debug|Any CPU
		{62D838E7-12A1-4FD8-B1CE-A19B6D572629}.Debug|iPhone.ActiveCfg = Debug|Any CPU
		{62D838E7-12A1-4FD8-B1CE-A19B6D572629}.Debug|iPhone.Build.0 = Debug|Any CPU
		{62D838E7-12A1-4FD8-B1CE-A19B6D572629}.Debug|iPhone.Deploy.0 = Debug|Any CPU
		{62D838E7-12A1-4FD8-B1CE-A19B6D572629}.Debug|iPhoneSimulator.ActiveCfg = Debug|Any CPU
		{62D838E7-12A1-4FD8-B1CE-A19B6D572629}.Debug|iPhoneSimulator.Build.0 = Debug|Any CPU
		{62D838E7-12A1-4FD8-B1CE-A19B6D572629}.Debug|iPhoneSimulator.Deploy.0 = Debug|Any CPU
		{62D838E7-12A1-4FD8-B1CE-A19B6D572629}.Debug|x64.ActiveCfg = Debug|Any CPU
		{62D838E7-12A1-4FD8-B1CE-A19B6D572629}.Debug|x64.Build.0 = Debug|Any CPU
		{62D838E7-12A1-4FD8-B1CE-A19B6D572629}.Debug|x64.Deploy.0 = Debug|Any CPU
		{62D838E7-12A1-4FD8-B1CE-A19B6D572629}.Debug|x86.ActiveCfg = Debug|Any CPU
		{62D838E7-12A1-4FD8-B1CE-A19B6D572629}.Debug|x86.Build.0 = Debug|Any CPU
		{62D838E7-12A1-4FD8-B1CE-A19B6D572629}.Debug|x86.Deploy.0 = Debug|Any CPU
		{62D838E7-12A1-4FD8-B1CE-A19B6D572629}.Release|Any CPU.ActiveCfg = Release|Any CPU
		{62D838E7-12A1-4FD8-B1CE-A19B6D572629}.Release|Any CPU.Build.0 = Release|Any CPU
		{62D838E7-12A1-4FD8-B1CE-A19B6D572629}.Release|Any CPU.Deploy.0 = Release|Any CPU
		{62D838E7-12A1-4FD8-B1CE-A19B6D572629}.Release|ARM.ActiveCfg = Release|Any CPU
		{62D838E7-12A1-4FD8-B1CE-A19B6D572629}.Release|ARM.Build.0 = Release|Any CPU
		{62D838E7-12A1-4FD8-B1CE-A19B6D572629}.Release|ARM.Deploy.0 = Release|Any CPU
		{62D838E7-12A1-4FD8-B1CE-A19B6D572629}.Release|iPhone.ActiveCfg = Release|Any CPU
		{62D838E7-12A1-4FD8-B1CE-A19B6D572629}.Release|iPhone.Build.0 = Release|Any CPU
		{62D838E7-12A1-4FD8-B1CE-A19B6D572629}.Release|iPhone.Deploy.0 = Release|Any CPU
		{62D838E7-12A1-4FD8-B1CE-A19B6D572629}.Release|iPhoneSimulator.ActiveCfg = Release|Any CPU
		{62D838E7-12A1-4FD8-B1CE-A19B6D572629}.Release|iPhoneSimulator.Build.0 = Release|Any CPU
		{62D838E7-12A1-4FD8-B1CE-A19B6D572629}.Release|iPhoneSimulator.Deploy.0 = Release|Any CPU
		{62D838E7-12A1-4FD8-B1CE-A19B6D572629}.Release|x64.ActiveCfg = Release|Any CPU
		{62D838E7-12A1-4FD8-B1CE-A19B6D572629}.Release|x64.Build.0 = Release|Any CPU
		{62D838E7-12A1-4FD8-B1CE-A19B6D572629}.Release|x64.Deploy.0 = Release|Any CPU
		{62D838E7-12A1-4FD8-B1CE-A19B6D572629}.Release|x86.ActiveCfg = Release|Any CPU
		{62D838E7-12A1-4FD8-B1CE-A19B6D572629}.Release|x86.Build.0 = Release|Any CPU
		{62D838E7-12A1-4FD8-B1CE-A19B6D572629}.Release|x86.Deploy.0 = Release|Any CPU
	EndGlobalSection
	GlobalSection(SolutionProperties) = preSolution
		HideSolutionNode = FALSE
	EndGlobalSection
	GlobalSection(ExtensibilityGlobals) = postSolution
		SolutionGuid = {5C502C4B-0960-4466-99CE-39F15AA65EF3}
	EndGlobalSection
EndGlobal
