
Microsoft Visual Studio Solution File, Format Version 12.00
# Visual Studio Version 16
VisualStudioVersion = 16.0.29519.87
MinimumVisualStudioVersion = 10.0.40219.1
Project("{FAE04EC0-301F-11D3-BF4B-00C04F79EFBC}") = "App4_ControleXF.Android", "App4_ControleXF\App4_ControleXF.Android\App4_ControleXF.Android.csproj", "{87B943AD-E4F2-43DB-947C-E5BF1D40C9D0}"
EndProject
Project("{FAE04EC0-301F-11D3-BF4B-00C04F79EFBC}") = "App4_ControleXF", "App4_ControleXF\App4_ControleXF\App4_ControleXF.csproj", "{85C764EB-830A-439E-B85A-030DDB3074DB}"
EndProject
Global
	GlobalSection(SolutionConfigurationPlatforms) = preSolution
		Debug|Any CPU = Debug|Any CPU
		Release|Any CPU = Release|Any CPU
	EndGlobalSection
	GlobalSection(ProjectConfigurationPlatforms) = postSolution
		{87B943AD-E4F2-43DB-947C-E5BF1D40C9D0}.Debug|Any CPU.ActiveCfg = Debug|Any CPU
		{87B943AD-E4F2-43DB-947C-E5BF1D40C9D0}.Debug|Any CPU.Build.0 = Debug|Any CPU
		{87B943AD-E4F2-43DB-947C-E5BF1D40C9D0}.Debug|Any CPU.Deploy.0 = Debug|Any CPU
		{87B943AD-E4F2-43DB-947C-E5BF1D40C9D0}.Release|Any CPU.ActiveCfg = Release|Any CPU
		{87B943AD-E4F2-43DB-947C-E5BF1D40C9D0}.Release|Any CPU.Build.0 = Release|Any CPU
		{87B943AD-E4F2-43DB-947C-E5BF1D40C9D0}.Release|Any CPU.Deploy.0 = Release|Any CPU
		{85C764EB-830A-439E-B85A-030DDB3074DB}.Debug|Any CPU.ActiveCfg = Debug|Any CPU
		{85C764EB-830A-439E-B85A-030DDB3074DB}.Debug|Any CPU.Build.0 = Debug|Any CPU
		{85C764EB-830A-439E-B85A-030DDB3074DB}.Debug|Any CPU.Deploy.0 = Debug|Any CPU
		{85C764EB-830A-439E-B85A-030DDB3074DB}.Release|Any CPU.ActiveCfg = Release|Any CPU
		{85C764EB-830A-439E-B85A-030DDB3074DB}.Release|Any CPU.Build.0 = Release|Any CPU
		{85C764EB-830A-439E-B85A-030DDB3074DB}.Release|Any CPU.Deploy.0 = Release|Any CPU
	EndGlobalSection
	GlobalSection(SolutionProperties) = preSolution
		HideSolutionNode = FALSE
	EndGlobalSection
	GlobalSection(ExtensibilityGlobals) = postSolution
		SolutionGuid = {D586A417-5FC5-45DB-B1FD-A7B6029AC223}
	EndGlobalSection
EndGlobal
