
Microsoft Visual Studio Solution File, Format Version 12.00
# Visual Studio Version 16
VisualStudioVersion = 16.0.29519.87
MinimumVisualStudioVersion = 10.0.40219.1
Project("{FAE04EC0-301F-11D3-BF4B-00C04F79EFBC}") = "Estilo.Android", "Estilo\Estilo.Android\Estilo.Android.csproj", "{893194B0-8954-4DBD-84C3-2DBE404A5293}"
EndProject
Project("{FAE04EC0-301F-11D3-BF4B-00C04F79EFBC}") = "Estilo", "Estilo\Estilo\Estilo.csproj", "{91008284-A5F8-44F9-86F0-BC8665847AE6}"
EndProject
Global
	GlobalSection(SolutionConfigurationPlatforms) = preSolution
		Debug|Any CPU = Debug|Any CPU
		Release|Any CPU = Release|Any CPU
	EndGlobalSection
	GlobalSection(ProjectConfigurationPlatforms) = postSolution
		{893194B0-8954-4DBD-84C3-2DBE404A5293}.Debug|Any CPU.ActiveCfg = Debug|Any CPU
		{893194B0-8954-4DBD-84C3-2DBE404A5293}.Debug|Any CPU.Build.0 = Debug|Any CPU
		{893194B0-8954-4DBD-84C3-2DBE404A5293}.Debug|Any CPU.Deploy.0 = Debug|Any CPU
		{893194B0-8954-4DBD-84C3-2DBE404A5293}.Release|Any CPU.ActiveCfg = Release|Any CPU
		{893194B0-8954-4DBD-84C3-2DBE404A5293}.Release|Any CPU.Build.0 = Release|Any CPU
		{893194B0-8954-4DBD-84C3-2DBE404A5293}.Release|Any CPU.Deploy.0 = Release|Any CPU
		{91008284-A5F8-44F9-86F0-BC8665847AE6}.Debug|Any CPU.ActiveCfg = Debug|Any CPU
		{91008284-A5F8-44F9-86F0-BC8665847AE6}.Debug|Any CPU.Build.0 = Debug|Any CPU
		{91008284-A5F8-44F9-86F0-BC8665847AE6}.Debug|Any CPU.Deploy.0 = Debug|Any CPU
		{91008284-A5F8-44F9-86F0-BC8665847AE6}.Release|Any CPU.ActiveCfg = Release|Any CPU
		{91008284-A5F8-44F9-86F0-BC8665847AE6}.Release|Any CPU.Build.0 = Release|Any CPU
		{91008284-A5F8-44F9-86F0-BC8665847AE6}.Release|Any CPU.Deploy.0 = Release|Any CPU
	EndGlobalSection
	GlobalSection(SolutionProperties) = preSolution
		HideSolutionNode = FALSE
	EndGlobalSection
	GlobalSection(ExtensibilityGlobals) = postSolution
		SolutionGuid = {C0F41078-1F87-4533-9838-8FE6337504E4}
	EndGlobalSection
EndGlobal
